
Microsoft Visual Studio Solution File, Format Version 12.00
# Visual Studio Version 16
VisualStudioVersion = 16.0.30907.101
MinimumVisualStudioVersion = 10.0.40219.1
Project("{FAE04EC0-301F-11D3-BF4B-00C04F79EFBC}") = "BasicServerHTTPlistener", "BasicServerHttpListener\BasicServerHTTPlistener.csproj", "{1FDD19DD-336D-4F00-93A9-1E3390EEA577}"
EndProject
Project("{9A19103F-16F7-4668-BE54-9A1E7A4F7556}") = "EchoClient", "..\Echo\ChatClient\EchoClient.csproj", "{C828EC64-78FE-4EEA-9BD0-0D4C00C8C998}"
EndProject
Project("{9A19103F-16F7-4668-BE54-9A1E7A4F7556}") = "EchoServer", "..\Echo\ChatServer\EchoServer.csproj", "{68F1366B-CD80-47C4-A33A-0FB3332DB6BB}"
EndProject
Global
	GlobalSection(SolutionConfigurationPlatforms) = preSolution
		Debug|Any CPU = Debug|Any CPU
		Release|Any CPU = Release|Any CPU
	EndGlobalSection
	GlobalSection(ProjectConfigurationPlatforms) = postSolution
		{1FDD19DD-336D-4F00-93A9-1E3390EEA577}.Debug|Any CPU.ActiveCfg = Debug|Any CPU
		{1FDD19DD-336D-4F00-93A9-1E3390EEA577}.Debug|Any CPU.Build.0 = Debug|Any CPU
		{1FDD19DD-336D-4F00-93A9-1E3390EEA577}.Release|Any CPU.ActiveCfg = Release|Any CPU
		{1FDD19DD-336D-4F00-93A9-1E3390EEA577}.Release|Any CPU.Build.0 = Release|Any CPU
		{C828EC64-78FE-4EEA-9BD0-0D4C00C8C998}.Debug|Any CPU.ActiveCfg = Debug|Any CPU
		{C828EC64-78FE-4EEA-9BD0-0D4C00C8C998}.Debug|Any CPU.Build.0 = Debug|Any CPU
		{C828EC64-78FE-4EEA-9BD0-0D4C00C8C998}.Release|Any CPU.ActiveCfg = Release|Any CPU
		{C828EC64-78FE-4EEA-9BD0-0D4C00C8C998}.Release|Any CPU.Build.0 = Release|Any CPU
		{68F1366B-CD80-47C4-A33A-0FB3332DB6BB}.Debug|Any CPU.ActiveCfg = Debug|Any CPU
		{68F1366B-CD80-47C4-A33A-0FB3332DB6BB}.Debug|Any CPU.Build.0 = Debug|Any CPU
		{68F1366B-CD80-47C4-A33A-0FB3332DB6BB}.Release|Any CPU.ActiveCfg = Release|Any CPU
		{68F1366B-CD80-47C4-A33A-0FB3332DB6BB}.Release|Any CPU.Build.0 = Release|Any CPU
	EndGlobalSection
	GlobalSection(SolutionProperties) = preSolution
		HideSolutionNode = FALSE
	EndGlobalSection
	GlobalSection(ExtensibilityGlobals) = postSolution
		SolutionGuid = {355BF393-8AD3-4139-893E-9CB4510BCB29}
	EndGlobalSection
EndGlobal
